
Microsoft Visual Studio Solution File, Format Version 12.00
Project("{FAE04EC0-301F-11D3-BF4B-00C04F79EFBC}") = "TLSharp.Core", "TLSharp.Core\TLSharp.Core.csproj", "{5069171C-C5F0-4402-A257-CEF2BFC2A56A}"
EndProject
Project("{FAE04EC0-301F-11D3-BF4B-00C04F79EFBC}") = "TeleSharp.Generator", "TeleSharp.Generator\TeleSharp.Generator.csproj", "{24018BDA-17AD-423A-9454-4768CA6B2AC4}"
EndProject
Project("{FAE04EC0-301F-11D3-BF4B-00C04F79EFBC}") = "TeleSharp.TL", "TeleSharp.TL\TeleSharp.TL.csproj", "{1F3B6DB3-099A-469A-A3CC-5BFA0FFE0554}"
EndProject
Project("{FAE04EC0-301F-11D3-BF4B-00C04F79EFBC}") = "TLSharp.Tests.VS", "TLSharp.Tests.VS\TLSharp.Tests.VS.csproj", "{80866AAC-1E3A-495E-8603-088852898A9F}"
EndProject
Project("{FAE04EC0-301F-11D3-BF4B-00C04F79EFBC}") = "TLSharp.Tests.NUnit", "TLSharp.Tests.NUnit\TLSharp.Tests.NUnit.csproj", "{0B5E3FB9-23E0-4CD4-99B8-2953D0628678}"
EndProject
Project("{FAE04EC0-301F-11D3-BF4B-00C04F79EFBC}") = "TLSharp.Tests", "TLSharp.Tests\TLSharp.Tests.csproj", "{51A456B6-B5D1-4CD5-8ED0-30839CE8316E}"
EndProject
Global
	GlobalSection(SolutionConfigurationPlatforms) = preSolution
		Debug|Any CPU = Debug|Any CPU
		Release|Any CPU = Release|Any CPU
	EndGlobalSection
	GlobalSection(ProjectConfigurationPlatforms) = postSolution
		{5069171C-C5F0-4402-A257-CEF2BFC2A56A}.Debug|Any CPU.ActiveCfg = Debug|Any CPU
		{5069171C-C5F0-4402-A257-CEF2BFC2A56A}.Debug|Any CPU.Build.0 = Debug|Any CPU
		{5069171C-C5F0-4402-A257-CEF2BFC2A56A}.Release|Any CPU.ActiveCfg = Release|Any CPU
		{5069171C-C5F0-4402-A257-CEF2BFC2A56A}.Release|Any CPU.Build.0 = Release|Any CPU
		{24018BDA-17AD-423A-9454-4768CA6B2AC4}.Debug|Any CPU.ActiveCfg = Debug|Any CPU
		{24018BDA-17AD-423A-9454-4768CA6B2AC4}.Debug|Any CPU.Build.0 = Debug|Any CPU
		{24018BDA-17AD-423A-9454-4768CA6B2AC4}.Release|Any CPU.ActiveCfg = Release|Any CPU
		{24018BDA-17AD-423A-9454-4768CA6B2AC4}.Release|Any CPU.Build.0 = Release|Any CPU
		{1F3B6DB3-099A-469A-A3CC-5BFA0FFE0554}.Debug|Any CPU.ActiveCfg = Debug|Any CPU
		{1F3B6DB3-099A-469A-A3CC-5BFA0FFE0554}.Debug|Any CPU.Build.0 = Debug|Any CPU
		{1F3B6DB3-099A-469A-A3CC-5BFA0FFE0554}.Release|Any CPU.ActiveCfg = Release|Any CPU
		{1F3B6DB3-099A-469A-A3CC-5BFA0FFE0554}.Release|Any CPU.Build.0 = Release|Any CPU
		{80866AAC-1E3A-495E-8603-088852898A9F}.Debug|Any CPU.ActiveCfg = Debug|Any CPU
		{80866AAC-1E3A-495E-8603-088852898A9F}.Release|Any CPU.ActiveCfg = Release|Any CPU
		{80866AAC-1E3A-495E-8603-088852898A9F}.Release|Any CPU.Build.0 = Release|Any CPU
		{0B5E3FB9-23E0-4CD4-99B8-2953D0628678}.Debug|Any CPU.ActiveCfg = Debug|Any CPU
		{0B5E3FB9-23E0-4CD4-99B8-2953D0628678}.Release|Any CPU.ActiveCfg = Release|Any CPU
		{0B5E3FB9-23E0-4CD4-99B8-2953D0628678}.Release|Any CPU.Build.0 = Release|Any CPU
		{51A456B6-B5D1-4CD5-8ED0-30839CE8316E}.Debug|Any CPU.ActiveCfg = Debug|Any CPU
		{51A456B6-B5D1-4CD5-8ED0-30839CE8316E}.Release|Any CPU.ActiveCfg = Release|Any CPU
		{51A456B6-B5D1-4CD5-8ED0-30839CE8316E}.Release|Any CPU.Build.0 = Release|Any CPU
	EndGlobalSection
EndGlobal
